
Microsoft Visual Studio Solution File, Format Version 12.00
# Visual Studio 14
VisualStudioVersion = 14.0.25420.1
MinimumVisualStudioVersion = 10.0.40219.1
Project("{FAE04EC0-301F-11D3-BF4B-00C04F79EFBC}") = "Household", "Household\Household.csproj", "{D66D2796-AE21-4B42-908B-AD20D7BC00AF}"
EndProject
Project("{FAE04EC0-301F-11D3-BF4B-00C04F79EFBC}") = "Household.Data", "HouseholdData\Household.Data.csproj", "{9EB8B86E-AE48-4945-A833-476A85E6B6E7}"
EndProject
Project("{FAE04EC0-301F-11D3-BF4B-00C04F79EFBC}") = "Helpers", "..\Helper\Helpers.csproj", "{3C4FAF9E-01D0-4711-AD71-34BFCE920B40}"
EndProject
Project("{FAE04EC0-301F-11D3-BF4B-00C04F79EFBC}") = "WebHelpers", "..\WebHelpers\WebHelpers.csproj", "{6AE80545-000E-4D72-9320-B5C988391FD7}"
EndProject
Project("{FAE04EC0-301F-11D3-BF4B-00C04F79EFBC}") = "Household.BL", "HouseholdBL\Household.BL.csproj", "{C0FAFF73-D6ED-4F7B-8F53-C589648DB8D3}"
EndProject
Project("{FAE04EC0-301F-11D3-BF4B-00C04F79EFBC}") = "TypeHandling", "..\TypeHandling\TypeHandling.csproj", "{D0F10307-3590-49A5-B55A-9129DD0404C4}"
EndProject
Project("{FAE04EC0-301F-11D3-BF4B-00C04F79EFBC}") = "Household.Test", "HouseholdTest\Household.Test.csproj", "{78A1F49E-BE43-4ED1-8EC2-BB158ADDDE1C}"
EndProject
Project("{FAE04EC0-301F-11D3-BF4B-00C04F79EFBC}") = "Household.Localisation", "Household.Localisation\Household.Localisation.csproj", "{83014F54-9564-4916-A7AF-90CF694DC9FE}"
EndProject
Project("{FAE04EC0-301F-11D3-BF4B-00C04F79EFBC}") = "Household.Common", "Household.Common\Household.Common.csproj", "{D08B62E2-0A0D-4718-B66A-0194A24310C0}"
EndProject
Project("{FAE04EC0-301F-11D3-BF4B-00C04F79EFBC}") = "GARTE.ExcelHelpers", "GARTE.ExcelHelpers\GARTE.ExcelHelpers.csproj", "{89371709-DEAC-48BA-B2E5-2C418352843B}"
EndProject
Project("{FAE04EC0-301F-11D3-BF4B-00C04F79EFBC}") = "GARTE.Log", "GARTE.Log\GARTE.Log.csproj", "{B1481000-7F15-4DA7-BAAA-64D3C6060FDB}"
EndProject
Global
	GlobalSection(SolutionConfigurationPlatforms) = preSolution
		Debug|Any CPU = Debug|Any CPU
		Release|Any CPU = Release|Any CPU
	EndGlobalSection
	GlobalSection(ProjectConfigurationPlatforms) = postSolution
		{D66D2796-AE21-4B42-908B-AD20D7BC00AF}.Debug|Any CPU.ActiveCfg = Debug|Any CPU
		{D66D2796-AE21-4B42-908B-AD20D7BC00AF}.Debug|Any CPU.Build.0 = Debug|Any CPU
		{D66D2796-AE21-4B42-908B-AD20D7BC00AF}.Release|Any CPU.ActiveCfg = Release|Any CPU
		{D66D2796-AE21-4B42-908B-AD20D7BC00AF}.Release|Any CPU.Build.0 = Release|Any CPU
		{9EB8B86E-AE48-4945-A833-476A85E6B6E7}.Debug|Any CPU.ActiveCfg = Debug|Any CPU
		{9EB8B86E-AE48-4945-A833-476A85E6B6E7}.Debug|Any CPU.Build.0 = Debug|Any CPU
		{9EB8B86E-AE48-4945-A833-476A85E6B6E7}.Release|Any CPU.ActiveCfg = Release|Any CPU
		{9EB8B86E-AE48-4945-A833-476A85E6B6E7}.Release|Any CPU.Build.0 = Release|Any CPU
		{3C4FAF9E-01D0-4711-AD71-34BFCE920B40}.Debug|Any CPU.ActiveCfg = Debug|Any CPU
		{3C4FAF9E-01D0-4711-AD71-34BFCE920B40}.Debug|Any CPU.Build.0 = Debug|Any CPU
		{3C4FAF9E-01D0-4711-AD71-34BFCE920B40}.Release|Any CPU.ActiveCfg = Release|Any CPU
		{3C4FAF9E-01D0-4711-AD71-34BFCE920B40}.Release|Any CPU.Build.0 = Release|Any CPU
		{6AE80545-000E-4D72-9320-B5C988391FD7}.Debug|Any CPU.ActiveCfg = Debug|Any CPU
		{6AE80545-000E-4D72-9320-B5C988391FD7}.Debug|Any CPU.Build.0 = Debug|Any CPU
		{6AE80545-000E-4D72-9320-B5C988391FD7}.Release|Any CPU.ActiveCfg = Release|Any CPU
		{6AE80545-000E-4D72-9320-B5C988391FD7}.Release|Any CPU.Build.0 = Release|Any CPU
		{C0FAFF73-D6ED-4F7B-8F53-C589648DB8D3}.Debug|Any CPU.ActiveCfg = Debug|Any CPU
		{C0FAFF73-D6ED-4F7B-8F53-C589648DB8D3}.Debug|Any CPU.Build.0 = Debug|Any CPU
		{C0FAFF73-D6ED-4F7B-8F53-C589648DB8D3}.Release|Any CPU.ActiveCfg = Release|Any CPU
		{C0FAFF73-D6ED-4F7B-8F53-C589648DB8D3}.Release|Any CPU.Build.0 = Release|Any CPU
		{D0F10307-3590-49A5-B55A-9129DD0404C4}.Debug|Any CPU.ActiveCfg = Debug|Any CPU
		{D0F10307-3590-49A5-B55A-9129DD0404C4}.Debug|Any CPU.Build.0 = Debug|Any CPU
		{D0F10307-3590-49A5-B55A-9129DD0404C4}.Release|Any CPU.ActiveCfg = Release|Any CPU
		{D0F10307-3590-49A5-B55A-9129DD0404C4}.Release|Any CPU.Build.0 = Release|Any CPU
		{78A1F49E-BE43-4ED1-8EC2-BB158ADDDE1C}.Debug|Any CPU.ActiveCfg = Debug|Any CPU
		{78A1F49E-BE43-4ED1-8EC2-BB158ADDDE1C}.Debug|Any CPU.Build.0 = Debug|Any CPU
		{78A1F49E-BE43-4ED1-8EC2-BB158ADDDE1C}.Release|Any CPU.ActiveCfg = Release|Any CPU
		{78A1F49E-BE43-4ED1-8EC2-BB158ADDDE1C}.Release|Any CPU.Build.0 = Release|Any CPU
		{83014F54-9564-4916-A7AF-90CF694DC9FE}.Debug|Any CPU.ActiveCfg = Debug|Any CPU
		{83014F54-9564-4916-A7AF-90CF694DC9FE}.Debug|Any CPU.Build.0 = Debug|Any CPU
		{83014F54-9564-4916-A7AF-90CF694DC9FE}.Release|Any CPU.ActiveCfg = Release|Any CPU
		{83014F54-9564-4916-A7AF-90CF694DC9FE}.Release|Any CPU.Build.0 = Release|Any CPU
		{D08B62E2-0A0D-4718-B66A-0194A24310C0}.Debug|Any CPU.ActiveCfg = Debug|Any CPU
		{D08B62E2-0A0D-4718-B66A-0194A24310C0}.Debug|Any CPU.Build.0 = Debug|Any CPU
		{D08B62E2-0A0D-4718-B66A-0194A24310C0}.Release|Any CPU.ActiveCfg = Release|Any CPU
		{D08B62E2-0A0D-4718-B66A-0194A24310C0}.Release|Any CPU.Build.0 = Release|Any CPU
		{89371709-DEAC-48BA-B2E5-2C418352843B}.Debug|Any CPU.ActiveCfg = Debug|Any CPU
		{89371709-DEAC-48BA-B2E5-2C418352843B}.Debug|Any CPU.Build.0 = Debug|Any CPU
		{89371709-DEAC-48BA-B2E5-2C418352843B}.Release|Any CPU.ActiveCfg = Release|Any CPU
		{89371709-DEAC-48BA-B2E5-2C418352843B}.Release|Any CPU.Build.0 = Release|Any CPU
		{B1481000-7F15-4DA7-BAAA-64D3C6060FDB}.Debug|Any CPU.ActiveCfg = Debug|Any CPU
		{B1481000-7F15-4DA7-BAAA-64D3C6060FDB}.Debug|Any CPU.Build.0 = Debug|Any CPU
		{B1481000-7F15-4DA7-BAAA-64D3C6060FDB}.Release|Any CPU.ActiveCfg = Release|Any CPU
		{B1481000-7F15-4DA7-BAAA-64D3C6060FDB}.Release|Any CPU.Build.0 = Release|Any CPU
	EndGlobalSection
	GlobalSection(SolutionProperties) = preSolution
		HideSolutionNode = FALSE
	EndGlobalSection
EndGlobal
